{
    "_readme": [
        "Pins upstream versions and commit references.",
        "Use composer update to resolve and refresh dependencies."
    ],
    "content-hash": "3ffbc09652109b5421cb7be3541e4871",
    "packages": [
        {
            "name": "smarty/smarty",
            "version": "v5.8.4",
            "source": {
                "type": "git",
                "url": "https://github.com/smarty-php/smarty.git",
                "reference": "94a27cbbc7820198d7adc17a2be8d457fb267753"
            },
            "dist": {
                "type": "zip",
                "url": "https://api.github.com/repos/smarty-php/smarty/zipball/94a27cbbc7820198d7adc17a2be8d457fb267753",
                "reference": "94a27cbbc7820198d7adc17a2be8d457fb267753",
                "shasum": ""
            },
            "require": {
                "php": "^7.2 || ^8.0",
                "symfony/polyfill-mbstring": "^1.27"
            },
            "type": "library",
            "autoload": {
                "psr-4": {
                    "Smarty\\": "src/"
                },
                "files": [
                    "src/functions.php"
                ]
            },
            "license": [
                "LGPL-3.0"
            ],
            "description": "Smarty - the compiling PHP template engine"
        },
        {
            "name": "symfony/polyfill-mbstring",
            "version": "v1.33.0",
            "source": {
                "type": "git",
                "url": "https://github.com/symfony/polyfill-mbstring.git",
                "reference": "6d857f4d76bd4b343eac26d6b539585d2bc56493"
            },
            "dist": {
                "type": "zip",
                "url": "https://api.github.com/repos/symfony/polyfill-mbstring/zipball/6d857f4d76bd4b343eac26d6b539585d2bc56493",
                "reference": "6d857f4d76bd4b343eac26d6b539585d2bc56493",
                "shasum": ""
            },
            "require": {
                "php": ">=7.2",
                "ext-iconv": "*"
            },
            "type": "library",
            "autoload": {
                "psr-4": {
                    "Symfony\\Polyfill\\Mbstring\\": ""
                },
                "files": [
                    "bootstrap.php"
                ]
            },
            "license": [
                "MIT"
            ],
            "description": "Symfony polyfill for the Mbstring extension",
            "provide": {
                "ext-mbstring": "*"
            }
        }
    ],
    "packages-dev": [],
    "aliases": [],
    "minimum-stability": "stable",
    "stability-flags": {},
    "prefer-stable": false,
    "prefer-lowest": false,
    "platform": {
        "php": "~8.5.0",
        "ext-pdo": "*",
        "ext-pdo_mysql": "*",
        "ext-mbstring": "*"
    },
    "platform-dev": {},
    "plugin-api-version": "2.6.0"
}
